
Microsoft Visual Studio Solution File, Format Version 12.00
# Visual Studio Version 17
VisualStudioVersion = 17.10.35013.160
MinimumVisualStudioVersion = 10.0.40219.1
Project("{FAE04EC0-301F-11D3-BF4B-00C04F79EFBC}") = "RentalProject", "RentalProject\RentalProject.csproj", "{A793BFDB-12B2-4ECE-9A68-9C7ACB7B5658}"
EndProject
Global
	GlobalSection(SolutionConfigurationPlatforms) = preSolution
		Debug|Any CPU = Debug|Any CPU
		Release|Any CPU = Release|Any CPU
	EndGlobalSection
	GlobalSection(ProjectConfigurationPlatforms) = postSolution
		{A793BFDB-12B2-4ECE-9A68-9C7ACB7B5658}.Debug|Any CPU.ActiveCfg = Debug|Any CPU
		{A793BFDB-12B2-4ECE-9A68-9C7ACB7B5658}.Debug|Any CPU.Build.0 = Debug|Any CPU
		{A793BFDB-12B2-4ECE-9A68-9C7ACB7B5658}.Release|Any CPU.ActiveCfg = Release|Any CPU
		{A793BFDB-12B2-4ECE-9A68-9C7ACB7B5658}.Release|Any CPU.Build.0 = Release|Any CPU
	EndGlobalSection
	GlobalSection(SolutionProperties) = preSolution
		HideSolutionNode = FALSE
	EndGlobalSection
	GlobalSection(ExtensibilityGlobals) = postSolution
		SolutionGuid = {4FF5CEC3-C887-42F2-910C-0D2065F7B4B4}
	EndGlobalSection
EndGlobal
